<Solution>
  <Folder Name="/src/" />
  <Folder Name="/src/App/">
    <Project Path="src/App/Lexql.App.csproj" />
  </Folder>
  <Folder Name="/src/Core.Relational/">
    <Project Path="src/Core.Relational/Lexql.Core.Relational.csproj" />
  </Folder>
  <Folder Name="/src/Core/">
    <Project Path="src/Core/Lexql.Core.csproj" />
  </Folder>
  <Folder Name="/src/Providers/" />
  <Folder Name="/src/Providers/MySql/">
    <Project Path="src/Providers/MySql/Lexql.Providers.MySql.csproj" />
  </Folder>
  <Folder Name="/tests/" />
  <Folder Name="/tests/Core.Tests/">
    <Project Path="tests/Core.Tests/Lexql.Core.Tests.csproj" />
  </Folder>
  <Folder Name="/tests/Integration.Tests/">
    <Project Path="tests/Integration.Tests/Lexql.Integration.Tests.csproj" />
  </Folder>
</Solution>
